# This file is automatically @generated by Cargo.
# It is not intended for manual editing.
version = 4

[[package]]
name = "filament_cli"
version = "0.0.1"
dependencies = [
 "filament_codegen_dom",
 "filament_codegen_ssr",
 "filament_ir",
 "filament_optimizer",
 "filament_parser",
]

[[package]]
name = "filament_codegen_dom"
version = "0.0.1"
dependencies = [
 "filament_ir",
]

[[package]]
name = "filament_codegen_ssr"
version = "0.0.1"
dependencies = [
 "filament_ir",
]

[[package]]
name = "filament_ir"
version = "0.0.1"

[[package]]
name = "filament_optimizer"
version = "0.0.1"
dependencies = [
 "filament_ir",
]

[[package]]
name = "filament_parser"
version = "0.0.1"
dependencies = [
 "filament_ir",
]
